
Microsoft Visual Studio Solution File, Format Version 12.00
# Visual Studio Version 17
VisualStudioVersion = 17.3.32811.315
MinimumVisualStudioVersion = 10.0.40219.1
Project("{FAE04EC0-301F-11D3-BF4B-00C04F79EFBC}") = "LocalDatabase.Android", "LocalDatabase\LocalDatabase.Android\LocalDatabase.Android.csproj", "{7EA98587-EBB7-4609-B4C1-FA4878368BA5}"
EndProject
Project("{FAE04EC0-301F-11D3-BF4B-00C04F79EFBC}") = "LocalDatabase.iOS", "LocalDatabase\LocalDatabase.iOS\LocalDatabase.iOS.csproj", "{1F54C506-D427-46AE-A28B-682256085DFF}"
EndProject
Project("{FAE04EC0-301F-11D3-BF4B-00C04F79EFBC}") = "LocalDatabase", "LocalDatabase\LocalDatabase\LocalDatabase.csproj", "{836BFA7D-83E6-441C-B502-6F2682698C4C}"
EndProject
Global
	GlobalSection(SolutionConfigurationPlatforms) = preSolution
		Debug|Any CPU = Debug|Any CPU
		Debug|iPhone = Debug|iPhone
		Debug|iPhoneSimulator = Debug|iPhoneSimulator
		Release|Any CPU = Release|Any CPU
		Release|iPhone = Release|iPhone
		Release|iPhoneSimulator = Release|iPhoneSimulator
	EndGlobalSection
	GlobalSection(ProjectConfigurationPlatforms) = postSolution
		{7EA98587-EBB7-4609-B4C1-FA4878368BA5}.Debug|Any CPU.ActiveCfg = Debug|Any CPU
		{7EA98587-EBB7-4609-B4C1-FA4878368BA5}.Debug|Any CPU.Build.0 = Debug|Any CPU
		{7EA98587-EBB7-4609-B4C1-FA4878368BA5}.Debug|Any CPU.Deploy.0 = Debug|Any CPU
		{7EA98587-EBB7-4609-B4C1-FA4878368BA5}.Debug|iPhone.ActiveCfg = Debug|Any CPU
		{7EA98587-EBB7-4609-B4C1-FA4878368BA5}.Debug|iPhone.Build.0 = Debug|Any CPU
		{7EA98587-EBB7-4609-B4C1-FA4878368BA5}.Debug|iPhone.Deploy.0 = Debug|Any CPU
		{7EA98587-EBB7-4609-B4C1-FA4878368BA5}.Debug|iPhoneSimulator.ActiveCfg = Debug|Any CPU
		{7EA98587-EBB7-4609-B4C1-FA4878368BA5}.Debug|iPhoneSimulator.Build.0 = Debug|Any CPU
		{7EA98587-EBB7-4609-B4C1-FA4878368BA5}.Debug|iPhoneSimulator.Deploy.0 = Debug|Any CPU
		{7EA98587-EBB7-4609-B4C1-FA4878368BA5}.Release|Any CPU.ActiveCfg = Release|Any CPU
		{7EA98587-EBB7-4609-B4C1-FA4878368BA5}.Release|Any CPU.Build.0 = Release|Any CPU
		{7EA98587-EBB7-4609-B4C1-FA4878368BA5}.Release|Any CPU.Deploy.0 = Release|Any CPU
		{7EA98587-EBB7-4609-B4C1-FA4878368BA5}.Release|iPhone.ActiveCfg = Release|Any CPU
		{7EA98587-EBB7-4609-B4C1-FA4878368BA5}.Release|iPhone.Build.0 = Release|Any CPU
		{7EA98587-EBB7-4609-B4C1-FA4878368BA5}.Release|iPhone.Deploy.0 = Release|Any CPU
		{7EA98587-EBB7-4609-B4C1-FA4878368BA5}.Release|iPhoneSimulator.ActiveCfg = Release|Any CPU
		{7EA98587-EBB7-4609-B4C1-FA4878368BA5}.Release|iPhoneSimulator.Build.0 = Release|Any CPU
		{7EA98587-EBB7-4609-B4C1-FA4878368BA5}.Release|iPhoneSimulator.Deploy.0 = Release|Any CPU
		{1F54C506-D427-46AE-A28B-682256085DFF}.Debug|Any CPU.ActiveCfg = Debug|iPhone
		{1F54C506-D427-46AE-A28B-682256085DFF}.Debug|Any CPU.Build.0 = Debug|iPhone
		{1F54C506-D427-46AE-A28B-682256085DFF}.Debug|Any CPU.Deploy.0 = Debug|iPhone
		{1F54C506-D427-46AE-A28B-682256085DFF}.Debug|iPhone.ActiveCfg = Debug|iPhone
		{1F54C506-D427-46AE-A28B-682256085DFF}.Debug|iPhone.Build.0 = Debug|iPhone
		{1F54C506-D427-46AE-A28B-682256085DFF}.Debug|iPhone.Deploy.0 = Debug|iPhone
		{1F54C506-D427-46AE-A28B-682256085DFF}.Debug|iPhoneSimulator.ActiveCfg = Debug|iPhoneSimulator
		{1F54C506-D427-46AE-A28B-682256085DFF}.Debug|iPhoneSimulator.Build.0 = Debug|iPhoneSimulator
		{1F54C506-D427-46AE-A28B-682256085DFF}.Debug|iPhoneSimulator.Deploy.0 = Debug|iPhoneSimulator
		{1F54C506-D427-46AE-A28B-682256085DFF}.Release|Any CPU.ActiveCfg = Release|iPhoneSimulator
		{1F54C506-D427-46AE-A28B-682256085DFF}.Release|Any CPU.Build.0 = Release|iPhoneSimulator
		{1F54C506-D427-46AE-A28B-682256085DFF}.Release|Any CPU.Deploy.0 = Release|iPhoneSimulator
		{1F54C506-D427-46AE-A28B-682256085DFF}.Release|iPhone.ActiveCfg = Release|iPhone
		{1F54C506-D427-46AE-A28B-682256085DFF}.Release|iPhone.Build.0 = Release|iPhone
		{1F54C506-D427-46AE-A28B-682256085DFF}.Release|iPhone.Deploy.0 = Release|iPhone
		{1F54C506-D427-46AE-A28B-682256085DFF}.Release|iPhoneSimulator.ActiveCfg = Release|iPhoneSimulator
		{1F54C506-D427-46AE-A28B-682256085DFF}.Release|iPhoneSimulator.Build.0 = Release|iPhoneSimulator
		{1F54C506-D427-46AE-A28B-682256085DFF}.Release|iPhoneSimulator.Deploy.0 = Release|iPhoneSimulator
		{836BFA7D-83E6-441C-B502-6F2682698C4C}.Debug|Any CPU.ActiveCfg = Debug|Any CPU
		{836BFA7D-83E6-441C-B502-6F2682698C4C}.Debug|Any CPU.Build.0 = Debug|Any CPU
		{836BFA7D-83E6-441C-B502-6F2682698C4C}.Debug|Any CPU.Deploy.0 = Debug|Any CPU
		{836BFA7D-83E6-441C-B502-6F2682698C4C}.Debug|iPhone.ActiveCfg = Debug|Any CPU
		{836BFA7D-83E6-441C-B502-6F2682698C4C}.Debug|iPhone.Build.0 = Debug|Any CPU
		{836BFA7D-83E6-441C-B502-6F2682698C4C}.Debug|iPhone.Deploy.0 = Debug|Any CPU
		{836BFA7D-83E6-441C-B502-6F2682698C4C}.Debug|iPhoneSimulator.ActiveCfg = Debug|Any CPU
		{836BFA7D-83E6-441C-B502-6F2682698C4C}.Debug|iPhoneSimulator.Build.0 = Debug|Any CPU
		{836BFA7D-83E6-441C-B502-6F2682698C4C}.Debug|iPhoneSimulator.Deploy.0 = Debug|Any CPU
		{836BFA7D-83E6-441C-B502-6F2682698C4C}.Release|Any CPU.ActiveCfg = Release|Any CPU
		{836BFA7D-83E6-441C-B502-6F2682698C4C}.Release|Any CPU.Build.0 = Release|Any CPU
		{836BFA7D-83E6-441C-B502-6F2682698C4C}.Release|Any CPU.Deploy.0 = Release|Any CPU
		{836BFA7D-83E6-441C-B502-6F2682698C4C}.Release|iPhone.ActiveCfg = Release|Any CPU
		{836BFA7D-83E6-441C-B502-6F2682698C4C}.Release|iPhone.Build.0 = Release|Any CPU
		{836BFA7D-83E6-441C-B502-6F2682698C4C}.Release|iPhone.Deploy.0 = Release|Any CPU
		{836BFA7D-83E6-441C-B502-6F2682698C4C}.Release|iPhoneSimulator.ActiveCfg = Release|Any CPU
		{836BFA7D-83E6-441C-B502-6F2682698C4C}.Release|iPhoneSimulator.Build.0 = Release|Any CPU
		{836BFA7D-83E6-441C-B502-6F2682698C4C}.Release|iPhoneSimulator.Deploy.0 = Release|Any CPU
	EndGlobalSection
	GlobalSection(SolutionProperties) = preSolution
		HideSolutionNode = FALSE
	EndGlobalSection
	GlobalSection(ExtensibilityGlobals) = postSolution
		SolutionGuid = {CBC49CAA-6371-4E1C-ADB2-D9E011586047}
	EndGlobalSection
EndGlobal
